
Microsoft Visual Studio Solution File, Format Version 12.00
# Visual Studio Version 17
VisualStudioVersion = 17.3.32825.248
MinimumVisualStudioVersion = 10.0.40219.1
Project("{FAE04EC0-301F-11D3-BF4B-00C04F79EFBC}") = "Devs2Blu.ProjetosAula.Aula5", "src\Devs2Blu.ProjetosAula.Aula5\Devs2Blu.ProjetosAula.Aula5.csproj", "{075B6691-3AEB-4CB9-9937-3114C3CA3CFF}"
EndProject
Global
	GlobalSection(SolutionConfigurationPlatforms) = preSolution
		Debug|Any CPU = Debug|Any CPU
		Release|Any CPU = Release|Any CPU
	EndGlobalSection
	GlobalSection(ProjectConfigurationPlatforms) = postSolution
		{075B6691-3AEB-4CB9-9937-3114C3CA3CFF}.Debug|Any CPU.ActiveCfg = Debug|Any CPU
		{075B6691-3AEB-4CB9-9937-3114C3CA3CFF}.Debug|Any CPU.Build.0 = Debug|Any CPU
		{075B6691-3AEB-4CB9-9937-3114C3CA3CFF}.Release|Any CPU.ActiveCfg = Release|Any CPU
		{075B6691-3AEB-4CB9-9937-3114C3CA3CFF}.Release|Any CPU.Build.0 = Release|Any CPU
	EndGlobalSection
	GlobalSection(SolutionProperties) = preSolution
		HideSolutionNode = FALSE
	EndGlobalSection
	GlobalSection(ExtensibilityGlobals) = postSolution
		SolutionGuid = {39C5B23E-978C-42E9-8680-552E34A7B69A}
	EndGlobalSection
EndGlobal
