
Microsoft Visual Studio Solution File, Format Version 12.00
# Visual Studio Version 17
VisualStudioVersion = 17.3.32825.248
MinimumVisualStudioVersion = 10.0.40219.1
Project("{FAE04EC0-301F-11D3-BF4B-00C04F79EFBC}") = "Devs2Blu.ProjetosAula.OOP3.Main", "src\Devs2Blu.ProjetosAula.OOP3.Main\Devs2Blu.ProjetosAula.OOP3.Main.csproj", "{4F7276E5-7F10-46B6-B732-6143925A6999}"
EndProject
Project("{FAE04EC0-301F-11D3-BF4B-00C04F79EFBC}") = "Devs2Blu.ProjetosAula.OOP3.Models", "src\Devs2Blu.ProjetosAula.OOP3.Models\Devs2Blu.ProjetosAula.OOP3.Models.csproj", "{B0EE98FA-AE76-4CA8-9D17-ABB5AAD87A18}"
EndProject
Global
	GlobalSection(SolutionConfigurationPlatforms) = preSolution
		Debug|Any CPU = Debug|Any CPU
		Release|Any CPU = Release|Any CPU
	EndGlobalSection
	GlobalSection(ProjectConfigurationPlatforms) = postSolution
		{4F7276E5-7F10-46B6-B732-6143925A6999}.Debug|Any CPU.ActiveCfg = Debug|Any CPU
		{4F7276E5-7F10-46B6-B732-6143925A6999}.Debug|Any CPU.Build.0 = Debug|Any CPU
		{4F7276E5-7F10-46B6-B732-6143925A6999}.Release|Any CPU.ActiveCfg = Release|Any CPU
		{4F7276E5-7F10-46B6-B732-6143925A6999}.Release|Any CPU.Build.0 = Release|Any CPU
		{B0EE98FA-AE76-4CA8-9D17-ABB5AAD87A18}.Debug|Any CPU.ActiveCfg = Debug|Any CPU
		{B0EE98FA-AE76-4CA8-9D17-ABB5AAD87A18}.Debug|Any CPU.Build.0 = Debug|Any CPU
		{B0EE98FA-AE76-4CA8-9D17-ABB5AAD87A18}.Release|Any CPU.ActiveCfg = Release|Any CPU
		{B0EE98FA-AE76-4CA8-9D17-ABB5AAD87A18}.Release|Any CPU.Build.0 = Release|Any CPU
	EndGlobalSection
	GlobalSection(SolutionProperties) = preSolution
		HideSolutionNode = FALSE
	EndGlobalSection
	GlobalSection(ExtensibilityGlobals) = postSolution
		SolutionGuid = {324FBEE6-E0BF-4422-A422-EF932C19B8C6}
	EndGlobalSection
EndGlobal
